NeoBundleLock cpp-vim bc7fe9e3ead0be6a6fe3a8f2871b454051365337
NeoBundleLock lightline.vim 6c64730b04d82f2eeb4c11cc907bf17c13543a93
NeoBundleLock neobundle.vim 516d8ee25d55148b09349b8a1110ee40e8f26fbf
NeoBundleLock neocomplete de6822e7581cfce8c906ed6e9ba863a0dde78352
NeoBundleLock neocomplete-rsense.vim a8b7460a41eb96aa1c9e49b231dd95e216c8dc2d
NeoBundleLock nerdtree 4ebbb533c3faf2c480211db2b547972bb3b60f2b
NeoBundleLock tcomment_vim 8955e2ee67194de3b6b763b7f01e3c164411c0e6
NeoBundleLock unite.vim da791c335135fbd460caa8c8e4671e324ef1f328
NeoBundleLock vim-arduino-syntax 83f766d22e9d0561f389904f27e894234dfa8d96
